
Microsoft Visual Studio Solution File, Format Version 12.00
# Visual Studio 2013
VisualStudioVersion = 12.0.31101.0
MinimumVisualStudioVersion = 10.0.40219.1
Project("{FAE04EC0-301F-11D3-BF4B-00C04F79EFBC}") = "02. Calculate Sequence", "02. Calculate Sequence\02. Calculate Sequence.csproj", "{CB1F0FD3-F9C5-489A-BD68-0CF47BFE876F}"
EndProject
Project("{FAE04EC0-301F-11D3-BF4B-00C04F79EFBC}") = "01. Reverse Numbers", "01. Reverse Numbers\01. Reverse Numbers.csproj", "{6970E427-59FC-4248-8FCE-9620E6F8905E}"
EndProject
Project("{FAE04EC0-301F-11D3-BF4B-00C04F79EFBC}") = "03. Array-Based Stack", "03. Array-Based Stack\03. Array-Based Stack.csproj", "{AB575C83-7EEB-4409-946C-D986056ECA2C}"
EndProject
Project("{FAE04EC0-301F-11D3-BF4B-00C04F79EFBC}") = "04. Array-Based Stack Tests", "04. Array-Based Stack Tests\04. Array-Based Stack Tests.csproj", "{6E6103F2-E5F9-4452-B293-F3C1FD0A8219}"
EndProject
Project("{FAE04EC0-301F-11D3-BF4B-00C04F79EFBC}") = "05. Linked Stack", "05. Linked Stack\05. Linked Stack.csproj", "{744178F8-9BEB-4FAC-A06B-67D0BD8A03CF}"
EndProject
Project("{FAE04EC0-301F-11D3-BF4B-00C04F79EFBC}") = "06. Linked Stack Tests", "06. Linked Stack Tests\06. Linked Stack Tests.csproj", "{B88F9DEE-47B4-4B40-829C-59AA870F873C}"
EndProject
Project("{FAE04EC0-301F-11D3-BF4B-00C04F79EFBC}") = "07. Linked Queue", "07. Linked Queue\07. Linked Queue.csproj", "{0DA962CA-561E-49A2-BA48-D1C441EA97A2}"
EndProject
Project("{FAE04EC0-301F-11D3-BF4B-00C04F79EFBC}") = "08. Linked Queue Tests", "08. Linked Queue Tests\08. Linked Queue Tests.csproj", "{0ED017EF-BEAE-41B4-8D56-CF77BA074357}"
EndProject
Project("{FAE04EC0-301F-11D3-BF4B-00C04F79EFBC}") = "09. Sequence NM", "09. Sequence NM\09. Sequence NM.csproj", "{6D9B0E35-1B00-40C0-B496-D3D7951EB2C6}"
EndProject
Global
	GlobalSection(SolutionConfigurationPlatforms) = preSolution
		Debug|Any CPU = Debug|Any CPU
		Release|Any CPU = Release|Any CPU
	EndGlobalSection
	GlobalSection(ProjectConfigurationPlatforms) = postSolution
		{CB1F0FD3-F9C5-489A-BD68-0CF47BFE876F}.Debug|Any CPU.ActiveCfg = Debug|Any CPU
		{CB1F0FD3-F9C5-489A-BD68-0CF47BFE876F}.Debug|Any CPU.Build.0 = Debug|Any CPU
		{CB1F0FD3-F9C5-489A-BD68-0CF47BFE876F}.Release|Any CPU.ActiveCfg = Release|Any CPU
		{CB1F0FD3-F9C5-489A-BD68-0CF47BFE876F}.Release|Any CPU.Build.0 = Release|Any CPU
		{6970E427-59FC-4248-8FCE-9620E6F8905E}.Debug|Any CPU.ActiveCfg = Debug|Any CPU
		{6970E427-59FC-4248-8FCE-9620E6F8905E}.Debug|Any CPU.Build.0 = Debug|Any CPU
		{6970E427-59FC-4248-8FCE-9620E6F8905E}.Release|Any CPU.ActiveCfg = Release|Any CPU
		{6970E427-59FC-4248-8FCE-9620E6F8905E}.Release|Any CPU.Build.0 = Release|Any CPU
		{AB575C83-7EEB-4409-946C-D986056ECA2C}.Debug|Any CPU.ActiveCfg = Debug|Any CPU
		{AB575C83-7EEB-4409-946C-D986056ECA2C}.Debug|Any CPU.Build.0 = Debug|Any CPU
		{AB575C83-7EEB-4409-946C-D986056ECA2C}.Release|Any CPU.ActiveCfg = Release|Any CPU
		{AB575C83-7EEB-4409-946C-D986056ECA2C}.Release|Any CPU.Build.0 = Release|Any CPU
		{6E6103F2-E5F9-4452-B293-F3C1FD0A8219}.Debug|Any CPU.ActiveCfg = Debug|Any CPU
		{6E6103F2-E5F9-4452-B293-F3C1FD0A8219}.Debug|Any CPU.Build.0 = Debug|Any CPU
		{6E6103F2-E5F9-4452-B293-F3C1FD0A8219}.Release|Any CPU.ActiveCfg = Release|Any CPU
		{6E6103F2-E5F9-4452-B293-F3C1FD0A8219}.Release|Any CPU.Build.0 = Release|Any CPU
		{744178F8-9BEB-4FAC-A06B-67D0BD8A03CF}.Debug|Any CPU.ActiveCfg = Debug|Any CPU
		{744178F8-9BEB-4FAC-A06B-67D0BD8A03CF}.Debug|Any CPU.Build.0 = Debug|Any CPU
		{744178F8-9BEB-4FAC-A06B-67D0BD8A03CF}.Release|Any CPU.ActiveCfg = Release|Any CPU
		{744178F8-9BEB-4FAC-A06B-67D0BD8A03CF}.Release|Any CPU.Build.0 = Release|Any CPU
		{B88F9DEE-47B4-4B40-829C-59AA870F873C}.Debug|Any CPU.ActiveCfg = Debug|Any CPU
		{B88F9DEE-47B4-4B40-829C-59AA870F873C}.Debug|Any CPU.Build.0 = Debug|Any CPU
		{B88F9DEE-47B4-4B40-829C-59AA870F873C}.Release|Any CPU.ActiveCfg = Release|Any CPU
		{B88F9DEE-47B4-4B40-829C-59AA870F873C}.Release|Any CPU.Build.0 = Release|Any CPU
		{0DA962CA-561E-49A2-BA48-D1C441EA97A2}.Debug|Any CPU.ActiveCfg = Debug|Any CPU
		{0DA962CA-561E-49A2-BA48-D1C441EA97A2}.Debug|Any CPU.Build.0 = Debug|Any CPU
		{0DA962CA-561E-49A2-BA48-D1C441EA97A2}.Release|Any CPU.ActiveCfg = Release|Any CPU
		{0DA962CA-561E-49A2-BA48-D1C441EA97A2}.Release|Any CPU.Build.0 = Release|Any CPU
		{0ED017EF-BEAE-41B4-8D56-CF77BA074357}.Debug|Any CPU.ActiveCfg = Debug|Any CPU
		{0ED017EF-BEAE-41B4-8D56-CF77BA074357}.Debug|Any CPU.Build.0 = Debug|Any CPU
		{0ED017EF-BEAE-41B4-8D56-CF77BA074357}.Release|Any CPU.ActiveCfg = Release|Any CPU
		{0ED017EF-BEAE-41B4-8D56-CF77BA074357}.Release|Any CPU.Build.0 = Release|Any CPU
		{6D9B0E35-1B00-40C0-B496-D3D7951EB2C6}.Debug|Any CPU.ActiveCfg = Debug|Any CPU
		{6D9B0E35-1B00-40C0-B496-D3D7951EB2C6}.Debug|Any CPU.Build.0 = Debug|Any CPU
		{6D9B0E35-1B00-40C0-B496-D3D7951EB2C6}.Release|Any CPU.ActiveCfg = Release|Any CPU
		{6D9B0E35-1B00-40C0-B496-D3D7951EB2C6}.Release|Any CPU.Build.0 = Release|Any CPU
	EndGlobalSection
	GlobalSection(SolutionProperties) = preSolution
		HideSolutionNode = FALSE
	EndGlobalSection
EndGlobal
